# @generated - this file is auto-generated by `mise lock` https://mise.jdx.dev/dev-tools/mise-lock.html

[[tools.actionlint]]
version = "1.7.7"
backend = "aqua:rhysd/actionlint"

[tools.actionlint."platforms.linux-arm64"]
checksum = "sha256:401942f9c24ed71e4fe71b76c7d638f66d8633575c4016efd2977ce7c28317d0"
url = "https://github.com/rhysd/actionlint/releases/download/v1.7.7/actionlint_1.7.7_linux_arm64.tar.gz"
url_api = "https://api.github.com/repos/rhysd/actionlint/releases/assets/221573255"

[tools.actionlint."platforms.linux-arm64-musl"]
checksum = "sha256:401942f9c24ed71e4fe71b76c7d638f66d8633575c4016efd2977ce7c28317d0"
url = "https://github.com/rhysd/actionlint/releases/download/v1.7.7/actionlint_1.7.7_linux_arm64.tar.gz"
url_api = "https://api.github.com/repos/rhysd/actionlint/releases/assets/221573255"

[tools.actionlint."platforms.linux-x64"]
checksum = "sha256:023070a287cd8cccd71515fedc843f1985bf96c436b7effaecce67290e7e0757"
url = "https://github.com/rhysd/actionlint/releases/download/v1.7.7/actionlint_1.7.7_linux_amd64.tar.gz"
url_api = "https://api.github.com/repos/rhysd/actionlint/releases/assets/221573254"

[tools.actionlint."platforms.linux-x64-musl"]
checksum = "sha256:023070a287cd8cccd71515fedc843f1985bf96c436b7effaecce67290e7e0757"
url = "https://github.com/rhysd/actionlint/releases/download/v1.7.7/actionlint_1.7.7_linux_amd64.tar.gz"
url_api = "https://api.github.com/repos/rhysd/actionlint/releases/assets/221573254"

[tools.actionlint."platforms.macos-arm64"]
checksum = "sha256:2693315b9093aeacb4ebd91a993fea54fc215057bf0da2659056b4bc033873db"
url = "https://github.com/rhysd/actionlint/releases/download/v1.7.7/actionlint_1.7.7_darwin_arm64.tar.gz"
url_api = "https://api.github.com/repos/rhysd/actionlint/releases/assets/221573250"

[tools.actionlint."platforms.macos-x64"]
checksum = "sha256:28e5de5a05fc558474f638323d736d822fff183d2d492f0aecb2b73cc44584f5"
url = "https://github.com/rhysd/actionlint/releases/download/v1.7.7/actionlint_1.7.7_darwin_amd64.tar.gz"
url_api = "https://api.github.com/repos/rhysd/actionlint/releases/assets/221573249"

[tools.actionlint."platforms.windows-x64"]
checksum = "sha256:7f12f1801bca3d480d67aaf7774f4c2a6359a3ca8eebe382c95c10c9704aa731"
url = "https://github.com/rhysd/actionlint/releases/download/v1.7.7/actionlint_1.7.7_windows_amd64.zip"
url_api = "https://api.github.com/repos/rhysd/actionlint/releases/assets/221573260"

[[tools."github:protomaps/go-pmtiles"]]
version = "1.28.0"
backend = "github:protomaps/go-pmtiles"

[tools."github:protomaps/go-pmtiles"."platforms.linux-arm64"]
url = "https://github.com/protomaps/go-pmtiles/releases/download/v1.28.0/go-pmtiles_1.28.0_Linux_arm64.tar.gz"
url_api = "https://api.github.com/repos/protomaps/go-pmtiles/releases/assets/250708057"

[tools."github:protomaps/go-pmtiles"."platforms.linux-arm64-musl"]
url = "https://github.com/protomaps/go-pmtiles/releases/download/v1.28.0/go-pmtiles_1.28.0_Linux_arm64.tar.gz"
url_api = "https://api.github.com/repos/protomaps/go-pmtiles/releases/assets/250708057"

[tools."github:protomaps/go-pmtiles"."platforms.linux-x64"]
checksum = "blake3:baf99ec96405941eb20b268e6a6b552dde57d6f16b6578355ac9235e6f0f5339"
url = "https://github.com/protomaps/go-pmtiles/releases/download/v1.28.0/go-pmtiles_1.28.0_Linux_x86_64.tar.gz"
url_api = "https://api.github.com/repos/protomaps/go-pmtiles/releases/assets/250708023"

[tools."github:protomaps/go-pmtiles"."platforms.linux-x64-musl"]
url = "https://github.com/protomaps/go-pmtiles/releases/download/v1.28.0/go-pmtiles_1.28.0_Linux_x86_64.tar.gz"
url_api = "https://api.github.com/repos/protomaps/go-pmtiles/releases/assets/250708023"

[tools."github:protomaps/go-pmtiles"."platforms.macos-arm64"]
url = "https://github.com/protomaps/go-pmtiles/releases/download/v1.28.0/go-pmtiles-1.28.0_Darwin_arm64.zip"
url_api = "https://api.github.com/repos/protomaps/go-pmtiles/releases/assets/250708137"

[tools."github:protomaps/go-pmtiles"."platforms.macos-x64"]
url = "https://github.com/protomaps/go-pmtiles/releases/download/v1.28.0/go-pmtiles-1.28.0_Darwin_x86_64.zip"
url_api = "https://api.github.com/repos/protomaps/go-pmtiles/releases/assets/250708157"

[tools."github:protomaps/go-pmtiles"."platforms.windows-x64"]
url = "https://github.com/protomaps/go-pmtiles/releases/download/v1.28.0/go-pmtiles_1.28.0_Windows_x86_64.zip"
url_api = "https://api.github.com/repos/protomaps/go-pmtiles/releases/assets/250708074"

[[tools.node]]
version = "26.7.0"
backend = "core:node"

[tools.node."platforms.linux-arm64"]
checksum = "sha256:925aa6157dd37542d0d7f2e28b7bf61e7b39284411210b0498bc3788db4aef68"
url = "https://nodejs.org/dist/v26.7.0/node-v26.7.0-linux-arm64.tar.gz"

[tools.node."platforms.linux-arm64-musl"]
checksum = "sha256:1f16cc0f6febcb1bed1d4550306806dbcfbaf5c1bc2f44f3c5c8b5d22a4cc27a"
url = "https://unofficial-builds.nodejs.org/download/release/v26.7.0/node-v26.7.0-linux-arm64-musl.tar.gz"

[tools.node."platforms.linux-x64"]
checksum = "sha256:bd6b6c31e377bad9ad579bed72e5bc11f4c879ac9452ad51d30e646ea3d828df"
url = "https://nodejs.org/dist/v26.7.0/node-v26.7.0-linux-x64.tar.gz"

[tools.node."platforms.linux-x64-musl"]
checksum = "sha256:5dc0180e7684ede6fc9d9e6333da45686f4b5a7820729d33c68335b283337295"
url = "https://unofficial-builds.nodejs.org/download/release/v26.7.0/node-v26.7.0-linux-x64-musl.tar.gz"

[tools.node."platforms.macos-arm64"]
checksum = "sha256:7ee659a7768e641bbfd5360940660b8e8fd0052f77488f365562bac522fc15d4"
url = "https://nodejs.org/dist/v26.7.0/node-v26.7.0-darwin-arm64.tar.gz"

[tools.node."platforms.macos-x64"]
checksum = "sha256:f279d1ed28ce57f7788bf23435d2ad7fdd7438904ad5c4d8a1081a7cde3d4b96"
url = "https://nodejs.org/dist/v26.7.0/node-v26.7.0-darwin-x64.tar.gz"

[tools.node."platforms.windows-x64"]
checksum = "sha256:d3bd72755141ed32bbcd841228ee81897c8a98d50dfa7dae2179399a0a7c90f8"
url = "https://nodejs.org/dist/v26.7.0/node-v26.7.0-win-x64.zip"

[[tools.python]]
version = "3.14.7"
backend = "core:python"

[tools.python."platforms.linux-arm64"]
checksum = "sha256:4dba8d7e06199f841a9d6b54e4eb58d446a5c20c65085a916190dd0162c6e93b"
url = "https://github.com/astral-sh/python-build-standalone/releases/download/20260807/cpython-3.14.7+20260807-aarch64-unknown-linux-gnu-install_only_stripped.tar.gz"
provenance = "github-attestations"

[tools.python."platforms.linux-arm64-musl"]
checksum = "sha256:10be7fe15ba5d1e5cfee1c2d8a9c720f29621b873e1f147f0b0a07f23de20d1a"
url = "https://github.com/astral-sh/python-build-standalone/releases/download/20260807/cpython-3.14.7+20260807-aarch64-unknown-linux-musl-install_only_stripped.tar.gz"
provenance = "github-attestations"

[tools.python."platforms.linux-x64"]
checksum = "sha256:a2478d654ed51d443bae21ec20ad927f116b4f5aae4094ab74918a6aa38f0575"
url = "https://github.com/astral-sh/python-build-standalone/releases/download/20260807/cpython-3.14.7+20260807-x86_64-unknown-linux-gnu-install_only_stripped.tar.gz"
provenance = "github-attestations"

[tools.python."platforms.linux-x64-musl"]
checksum = "sha256:1fe25b50644b50b3333afa0d4013cc9cbab4dde4284c0154aebef4f53523ed99"
url = "https://github.com/astral-sh/python-build-standalone/releases/download/20260807/cpython-3.14.7+20260807-x86_64-unknown-linux-musl-install_only_stripped.tar.gz"
provenance = "github-attestations"

[tools.python."platforms.macos-arm64"]
checksum = "sha256:532645be202d3df8510ab318ca5faed92060a694c8327144e14fa81f31af0f6d"
url = "https://github.com/astral-sh/python-build-standalone/releases/download/20260807/cpython-3.14.7+20260807-aarch64-apple-darwin-install_only_stripped.tar.gz"
provenance = "github-attestations"

[tools.python."platforms.macos-x64"]
checksum = "sha256:9964e2d618ebea03be8ea3e65ab0ecc0f2b030ce203345b8f92654641fd4de66"
url = "https://github.com/astral-sh/python-build-standalone/releases/download/20260807/cpython-3.14.7+20260807-x86_64-apple-darwin-install_only_stripped.tar.gz"
provenance = "github-attestations"

[tools.python."platforms.windows-x64"]
checksum = "sha256:840e368318d1630bd8efbd3f7de8fab32cb4bbd735baef733f9034f2676c6a92"
url = "https://github.com/astral-sh/python-build-standalone/releases/download/20260807/cpython-3.14.7+20260807-x86_64-pc-windows-msvc-install_only_stripped.tar.gz"
provenance = "github-attestations"

[[tools.shellcheck]]
version = "0.11.0"
backend = "aqua:koalaman/shellcheck"

[tools.shellcheck."platforms.linux-arm64"]
checksum = "sha256:12b331c1d2db6b9eb13cfca64306b1b157a86eb69db83023e261eaa7e7c14588"
url = "https://github.com/koalaman/shellcheck/releases/download/v0.11.0/shellcheck-v0.11.0.linux.aarch64.tar.xz"
url_api = "https://api.github.com/repos/koalaman/shellcheck/releases/assets/279056934"

[tools.shellcheck."platforms.linux-arm64-musl"]
checksum = "sha256:12b331c1d2db6b9eb13cfca64306b1b157a86eb69db83023e261eaa7e7c14588"
url = "https://github.com/koalaman/shellcheck/releases/download/v0.11.0/shellcheck-v0.11.0.linux.aarch64.tar.xz"
url_api = "https://api.github.com/repos/koalaman/shellcheck/releases/assets/279056934"

[tools.shellcheck."platforms.linux-x64"]
checksum = "sha256:8c3be12b05d5c177a04c29e3c78ce89ac86f1595681cab149b65b97c4e227198"
url = "https://github.com/koalaman/shellcheck/releases/download/v0.11.0/shellcheck-v0.11.0.linux.x86_64.tar.xz"
url_api = "https://api.github.com/repos/koalaman/shellcheck/releases/assets/279056942"

[tools.shellcheck."platforms.linux-x64-musl"]
checksum = "sha256:8c3be12b05d5c177a04c29e3c78ce89ac86f1595681cab149b65b97c4e227198"
url = "https://github.com/koalaman/shellcheck/releases/download/v0.11.0/shellcheck-v0.11.0.linux.x86_64.tar.xz"
url_api = "https://api.github.com/repos/koalaman/shellcheck/releases/assets/279056942"

[tools.shellcheck."platforms.macos-arm64"]
checksum = "sha256:56affdd8de5527894dca6dc3d7e0a99a873b0f004d7aabc30ae407d3f48b0a79"
url = "https://github.com/koalaman/shellcheck/releases/download/v0.11.0/shellcheck-v0.11.0.darwin.aarch64.tar.xz"
url_api = "https://api.github.com/repos/koalaman/shellcheck/releases/assets/279056932"

[tools.shellcheck."platforms.macos-x64"]
checksum = "sha256:3c89db4edcab7cf1c27bff178882e0f6f27f7afdf54e859fa041fca10febe4c6"
url = "https://github.com/koalaman/shellcheck/releases/download/v0.11.0/shellcheck-v0.11.0.darwin.x86_64.tar.xz"
url_api = "https://api.github.com/repos/koalaman/shellcheck/releases/assets/279056930"

[tools.shellcheck."platforms.windows-x64"]
checksum = "sha256:8a4e35ab0b331c85d73567b12f2a444df187f483e5079ceffa6bda1faa2e740e"
url = "https://github.com/koalaman/shellcheck/releases/download/v0.11.0/shellcheck-v0.11.0.zip"
url_api = "https://api.github.com/repos/koalaman/shellcheck/releases/assets/279056944"

[[tools.uv]]
version = "0.12.3"
backend = "aqua:astral-sh/uv"

[tools.uv."platforms.linux-arm64"]
checksum = "sha256:fa513fca1eb2913334c944fe9adbdd410274a1cbe8dd05d03699a9eb85311d4e"
url = "https://github.com/astral-sh/uv/releases/download/0.12.3/uv-aarch64-unknown-linux-musl.tar.gz"
url_api = "https://api.github.com/repos/astral-sh/uv/releases/assets/505387718"
provenance = "github-attestations"

[tools.uv."platforms.linux-arm64-musl"]
checksum = "sha256:fa513fca1eb2913334c944fe9adbdd410274a1cbe8dd05d03699a9eb85311d4e"
url = "https://github.com/astral-sh/uv/releases/download/0.12.3/uv-aarch64-unknown-linux-musl.tar.gz"
url_api = "https://api.github.com/repos/astral-sh/uv/releases/assets/505387718"
provenance = "github-attestations"

[tools.uv."platforms.linux-x64"]
checksum = "sha256:0643b9fb8c9fb27458e709ce6ff939695013c41975ff7b02d3f3b138d8d4bdb3"
url = "https://github.com/astral-sh/uv/releases/download/0.12.3/uv-x86_64-unknown-linux-musl.tar.gz"
url_api = "https://api.github.com/repos/astral-sh/uv/releases/assets/505387821"
provenance = "github-attestations"

[tools.uv."platforms.linux-x64-musl"]
checksum = "sha256:0643b9fb8c9fb27458e709ce6ff939695013c41975ff7b02d3f3b138d8d4bdb3"
url = "https://github.com/astral-sh/uv/releases/download/0.12.3/uv-x86_64-unknown-linux-musl.tar.gz"
url_api = "https://api.github.com/repos/astral-sh/uv/releases/assets/505387821"
provenance = "github-attestations"

[tools.uv."platforms.macos-arm64"]
checksum = "sha256:546f7f8a6c70ff13a3a9d2bc958db3427298cebf3e0cb756f9177133b7068843"
url = "https://github.com/astral-sh/uv/releases/download/0.12.3/uv-aarch64-apple-darwin.tar.gz"
url_api = "https://api.github.com/repos/astral-sh/uv/releases/assets/505387707"
provenance = "github-attestations"

[tools.uv."platforms.macos-x64"]
checksum = "sha256:4c9f52262a14da336e4a42ed24992d12d0c956acde87619e4611d321dffa602b"
url = "https://github.com/astral-sh/uv/releases/download/0.12.3/uv-x86_64-apple-darwin.tar.gz"
url_api = "https://api.github.com/repos/astral-sh/uv/releases/assets/505387807"
provenance = "github-attestations"

[tools.uv."platforms.windows-x64"]
checksum = "sha256:b23350c79e8ad0192b8124af13a0f17e8d4e4549524785e1aef389ae5a06990e"
url = "https://github.com/astral-sh/uv/releases/download/0.12.3/uv-x86_64-pc-windows-msvc.zip"
url_api = "https://api.github.com/repos/astral-sh/uv/releases/assets/505387809"
provenance = "github-attestations"
